<?xml version="1.0" encoding="utf-8"?>
<Project ToolsVersion="15.0" xmlns="http://schemas.microsoft.com/developer/msbuild/2003">
  <ItemGroup>
    <CustomBuild Include="C:\Users\Sarah Faulkner\CPPProjects\QuaggBot\QuaggBot\build\asio-download\CMakeFiles\cd87ed51d08563b1dae91c8526f369a8\generate.stamp.rule">
      <Filter>CMake Rules</Filter>
    </CustomBuild>
  </ItemGroup>
  <ItemGroup>
    <Filter Include="CMake Rules">
      <UniqueIdentifier>{8FF4D868-5F60-3390-8418-FC1A2DED57E1}</UniqueIdentifier>
    </Filter>
  </ItemGroup>
</Project>
